# THIS IS AN AUTOGENERATED FILE. DO NOT EDIT THIS FILE DIRECTLY.
# yarn lockfile v1


"@babel/generator@8.0.0-rc.3":
  version "8.0.0-rc.3"
  resolved "https://registry.npmjs.org/@babel/generator/-/generator-8.0.0-rc.3.tgz"
  integrity sha512-em37/13/nR320G4jab/nIIHZgc2Wz2y/D39lxnTyxB4/D/omPQncl/lSdlnJY1OhQcRGugTSIF2l/69o31C9dA==
  dependencies:
    "@babel/parser" "^8.0.0-rc.3"
    "@babel/types" "^8.0.0-rc.3"
    "@jridgewell/gen-mapping" "^0.3.12"
    "@jridgewell/trace-mapping" "^0.3.28"
    "@types/jsesc" "^2.5.0"
    jsesc "^3.0.2"

"@babel/helper-string-parser@^8.0.0-rc.3":
  version "8.0.0-rc.4"
  resolved "https://registry.npmjs.org/@babel/helper-string-parser/-/helper-string-parser-8.0.0-rc.4.tgz"
  integrity sha512-dluR3v287dp6YPF57kyKKrHPKffUeuxH1zQcF1WD30TeFzWXhDiVi1U6PkqaDB0++H1PeCwRhmYl4DvoerlPIw==

"@babel/helper-validator-identifier@^8.0.0-rc.3", "@babel/helper-validator-identifier@8.0.0-rc.3":
  version "8.0.0-rc.3"
  resolved "https://registry.npmjs.org/@babel/helper-validator-identifier/-/helper-validator-identifier-8.0.0-rc.3.tgz"
  integrity sha512-8AWCJ2VJJyDFlGBep5GpaaQ9AAaE/FjAcrqI7jyssYhtL7WGV0DOKpJsQqM037xDbpRLHXsY8TwU7zDma7coOw==

"@babel/parser@^8.0.0-beta.4", "@babel/parser@^8.0.0-rc.3", "@babel/parser@8.0.0-rc.3":
  version "8.0.0-rc.3"
  resolved "https://registry.npmjs.org/@babel/parser/-/parser-8.0.0-rc.3.tgz"
  integrity sha512-B20dvP3MfNc/XS5KKCHy/oyWl5IA6Cn9YjXRdDlCjNmUFrjvLXMNUfQq/QUy9fnG2gYkKKcrto2YaF9B32ToOQ==
  dependencies:
    "@babel/types" "^8.0.0-rc.3"

"@babel/types@^8.0.0-rc.3", "@babel/types@8.0.0-rc.3":
  version "8.0.0-rc.3"
  resolved "https://registry.npmjs.org/@babel/types/-/types-8.0.0-rc.3.tgz"
  integrity sha512-mOm5ZrYmphGfqVWoH5YYMTITb3cDXsFgmvFlvkvWDMsR9X8RFnt7a0Wb6yNIdoFsiMO9WjYLq+U/FMtqIYAF8Q==
  dependencies:
    "@babel/helper-string-parser" "^8.0.0-rc.3"
    "@babel/helper-validator-identifier" "^8.0.0-rc.3"

"@colors/colors@1.5.0":
  version "1.5.0"

"@colors/colors@1.6.0":
  version "1.6.0"

"@dabh/diagnostics@^2.0.2":
  version "2.0.8"
  dependencies:
    "@so-ric/colorspace" "^1.1.6"
    enabled "2.0.x"
    kuler "^2.0.0"

"@donmccurdy/caporal@~0.0.10":
  version "0.0.10"
  dependencies:
    "@types/glob" "^8.1.0"
    "@types/lodash" "^4.14.197"
    "@types/node" "20.5.6"
    "@types/table" "5.0.0"
    "@types/wrap-ansi" "^8.0.1"
    chalk "3.0.0"
    glob "^10.3.3"
    lodash "^4.17.21"
    table "5.4.6"
    winston "3.10.0"
    wrap-ansi "^8.1.0"

"@emnapi/wasi-threads@1.2.1":
  version "1.2.1"
  resolved "https://registry.npmjs.org/@emnapi/wasi-threads/-/wasi-threads-1.2.1.tgz"
  integrity sha512-uTII7OYF+/Mes/MrcIOYp5yOtSMLBWSIoLPpcgwipoiKbli6k322tcoFsxoIIxPDqW01SQGAgko4EzZi2BNv2w==
  dependencies:
    tslib "^2.4.0"

"@gltf-transform/cli@file:D:\\MEGAHUB\\gltf-transform-TextureAtlas\\glTF-Transform\\packages\\cli":
  version "4.3.0"
  resolved "file:packages/cli"
  dependencies:
    "@donmccurdy/caporal" "~0.0.10"
    "@gltf-transform/core" "file:../core/gltf-transform-core-4.3.0.tgz"
    "@gltf-transform/extensions" "file:../extensions/gltf-transform-extensions-4.3.0.tgz"
    "@gltf-transform/functions" "file:../functions/gltf-transform-functions-4.3.0.tgz"
    "@types/language-tags" "~1.0.4"
    "@types/micromatch" "~4.0.10"
    "@types/node-fetch" "~2.6.13"
    "@types/prompts" "^2.4.9"
    "@types/tmp" "~0.2.6"
    cli-table3 "~0.6.5"
    csv-stringify "~6.6.0"
    draco3dgltf "~1.5.7"
    gltf-validator "~2.0.0-dev.3.10"
    keyframe-resample "~0.1.0"
    ktx-parse "^1.1.0"
    language-tags "^1.0.9"
    listr2 "~8.3.3"
    meshoptimizer "~1.0.1"
    micromatch "~4.0.8"
    mikktspace "~1.1.1"
    node-fetch "~3.3.2"
    p-limit "~6.2.0"
    prompts "^2.4.2"
    sharp "~0.34.5"
    tmp "~0.2.5"
    watlas "^1.0.1"

"@gltf-transform/core@^4.3.0", "@gltf-transform/core@file:D:\\MEGAHUB\\gltf-transform-TextureAtlas\\glTF-Transform\\packages\\core":
  version "4.3.0"
  resolved "file:packages/core"
  dependencies:
    property-graph "^4.0.0"

"@gltf-transform/core@file:../core/gltf-transform-core-4.3.0.tgz":
  version "4.3.0"
  resolved "file:packages/core/gltf-transform-core-4.3.0.tgz"
  integrity sha512-lrHqE71YleiavacIG7nxHhAmFbAAf6s9BFh4gKV58mPAlICIXGXXLKXQTJdZkh3sC8usdovsPip6LCXPX2Aphw==
  dependencies:
    property-graph "^4.0.0"

"@gltf-transform/extensions@^4.3.0", "@gltf-transform/extensions@file:D:\\MEGAHUB\\gltf-transform-TextureAtlas\\glTF-Transform\\packages\\extensions":
  version "4.3.0"
  resolved "file:packages/extensions"
  dependencies:
    "@gltf-transform/core" "^4.3.0"
    ktx-parse "^1.1.0"

"@gltf-transform/extensions@file:../extensions/gltf-transform-extensions-4.3.0.tgz":
  version "4.3.0"
  resolved "file:packages/extensions/gltf-transform-extensions-4.3.0.tgz"
  integrity sha512-WcDT7MEyOAg3no06/102logjOnSDBoW6LxFnirqE+h/VtH7y6tlU589i72iUKnETX5/xxCuAFbhhu21o5xZJfg==
  dependencies:
    "@gltf-transform/core" "^4.3.0"
    ktx-parse "^1.1.0"

"@gltf-transform/functions@file:../functions/gltf-transform-functions-4.3.0.tgz":
  version "4.3.0"
  resolved "file:packages/functions/gltf-transform-functions-4.3.0.tgz"
  integrity sha512-Te3Z4jr9G2EvIc2LYbWtx8uKkX7n587DfdSShqOGh9W7CO5QWzcQH+AKBQXH2lX9ugHAn9Qz0Cm+lgzPNprGnA==
  dependencies:
    "@gltf-transform/core" "^4.3.0"
    "@gltf-transform/extensions" "^4.3.0"
    gl-matrix "^3.4.4"
    keyframe-resample "^0.1.0"
    ktx-parse "^1.1.0"
    ndarray "^1.0.19"
    ndarray-lanczos "^0.3.0"
    ndarray-pixels "^5.0.1"

"@gltf-transform/functions@file:D:\\MEGAHUB\\gltf-transform-TextureAtlas\\glTF-Transform\\packages\\functions":
  version "4.3.0"
  resolved "file:packages/functions"
  dependencies:
    "@gltf-transform/core" "^4.3.0"
    "@gltf-transform/extensions" "^4.3.0"
    gl-matrix "^3.4.4"
    keyframe-resample "^0.1.0"
    ktx-parse "^1.1.0"
    ndarray "^1.0.19"
    ndarray-lanczos "^0.3.0"
    ndarray-pixels "^5.0.1"

"@img/colour@^1.0.0":
  version "1.0.0"

"@img/sharp-win32-x64@0.34.5":
  version "0.34.5"

"@isaacs/cliui@^8.0.2":
  version "8.0.2"
  dependencies:
    string-width "^5.1.2"
    string-width-cjs "npm:string-width@^4.2.0"
    strip-ansi "^7.0.1"
    strip-ansi-cjs "npm:strip-ansi@^6.0.1"
    wrap-ansi "^8.1.0"
    wrap-ansi-cjs "npm:wrap-ansi@^7.0.0"

"@jridgewell/gen-mapping@^0.3.12":
  version "0.3.13"
  dependencies:
    "@jridgewell/sourcemap-codec" "^1.5.0"
    "@jridgewell/trace-mapping" "^0.3.24"

"@jridgewell/resolve-uri@^3.1.0":
  version "3.1.2"

"@jridgewell/sourcemap-codec@^1.4.14", "@jridgewell/sourcemap-codec@^1.5.0":
  version "1.5.5"

"@jridgewell/trace-mapping@^0.3.24", "@jridgewell/trace-mapping@^0.3.28":
  version "0.3.31"
  dependencies:
    "@jridgewell/resolve-uri" "^3.1.0"
    "@jridgewell/sourcemap-codec" "^1.4.14"

"@nodelib/fs.scandir@2.1.5":
  version "2.1.5"
  dependencies:
    "@nodelib/fs.stat" "2.0.5"
    run-parallel "^1.1.9"

"@nodelib/fs.stat@^2.0.2", "@nodelib/fs.stat@2.0.5":
  version "2.0.5"

"@nodelib/fs.walk@^1.2.3":
  version "1.2.8"
  dependencies:
    "@nodelib/fs.scandir" "2.1.5"
    fastq "^1.6.0"

"@oxc-project/types@=0.127.0":
  version "0.127.0"
  resolved "https://registry.npmjs.org/@oxc-project/types/-/types-0.127.0.tgz"
  integrity sha512-aIYXQBo4lCbO4z0R3FHeucQHpF46l2LbMdxRvqvuRuW2OxdnSkcng5B8+K12spgLDj93rtN3+J2Vac/TIO+ciQ==

"@pkgjs/parseargs@^0.11.0":
  version "0.11.0"

"@quansync/fs@^1.0.0":
  version "1.0.0"
  dependencies:
    quansync "^1.0.0"

"@rolldown/binding-win32-x64-msvc@1.0.0-rc.17":
  version "1.0.0-rc.17"
  resolved "https://registry.npmjs.org/@rolldown/binding-win32-x64-msvc/-/binding-win32-x64-msvc-1.0.0-rc.17.tgz"
  integrity sha512-3hkiolcUAvPB9FLb3UZdfjVVNWherN1f/skkGWJP/fgSQhYUZpSIRr0/I8ZK9TkF3F7kxvJAk0+IcKvPHk9qQg==

"@rolldown/pluginutils@1.0.0-rc.17":
  version "1.0.0-rc.17"
  resolved "https://registry.npmjs.org/@rolldown/pluginutils/-/pluginutils-1.0.0-rc.17.tgz"
  integrity sha512-n8iosDOt6Ig1UhJ2AYqoIhHWh/isz0xpicHTzpKBeotdVsTEcxsSA/i3EVM7gQAj0rU27OLAxCjzlj15IWY7bg==

"@so-ric/colorspace@^1.1.6":
  version "1.1.6"
  dependencies:
    color "^5.0.2"
    text-hex "1.0.x"

"@types/braces@*":
  version "3.0.5"

"@types/estree@^1.0.0":
  version "1.0.8"

"@types/glob@^8.1.0":
  version "8.1.0"
  dependencies:
    "@types/minimatch" "^5.1.2"
    "@types/node" "*"

"@types/jsesc@^2.5.0":
  version "2.5.1"
  resolved "https://registry.npmjs.org/@types/jsesc/-/jsesc-2.5.1.tgz"
  integrity sha512-9VN+6yxLOPLOav+7PwjZbxiID2bVaeq0ED4qSQmdQTdjnXJSaCVKTR58t15oqH1H5t8Ng2ZX1SabJVoN9Q34bw==

"@types/language-tags@~1.0.4":
  version "1.0.4"

"@types/lodash@^4.14.197":
  version "4.17.20"

"@types/micromatch@~4.0.10":
  version "4.0.10"
  dependencies:
    "@types/braces" "*"

"@types/minimatch@^5.1.2":
  version "5.1.2"

"@types/ndarray@^1.0.11", "@types/ndarray@^1.0.14", "@types/ndarray@1.0.14":
  version "1.0.14"

"@types/node-fetch@~2.6.13":
  version "2.6.13"
  dependencies:
    "@types/node" "*"
    form-data "^4.0.4"

"@types/node@*":
  version "24.8.1"
  dependencies:
    undici-types "~7.14.0"

"@types/node@20.5.6":
  version "20.5.6"

"@types/prompts@^2.4.9":
  version "2.4.9"
  dependencies:
    "@types/node" "*"
    kleur "^3.0.3"

"@types/table@5.0.0":
  version "5.0.0"

"@types/tmp@~0.2.6":
  version "0.2.6"

"@types/triple-beam@^1.3.2":
  version "1.3.5"

"@types/wrap-ansi@^8.0.1":
  version "8.0.2"

ajv@^6.10.2:
  version "6.12.6"
  dependencies:
    fast-deep-equal "^3.1.1"
    fast-json-stable-stringify "^2.0.0"
    json-schema-traverse "^0.4.1"
    uri-js "^4.2.2"

ansi-escapes@^7.0.0:
  version "7.1.1"
  dependencies:
    environment "^1.0.0"

ansi-regex@^4.1.0:
  version "4.1.1"

ansi-regex@^5.0.1:
  version "5.0.1"

ansi-regex@^6.0.1:
  version "6.2.2"

ansi-styles@^3.2.0:
  version "3.2.1"
  dependencies:
    color-convert "^1.9.0"

ansi-styles@^4.0.0, ansi-styles@^4.1.0:
  version "4.3.0"
  dependencies:
    color-convert "^2.0.1"

ansi-styles@^6.0.0:
  version "6.2.3"

ansi-styles@^6.1.0:
  version "6.2.3"

ansi-styles@^6.2.1:
  version "6.2.3"

ansis@^4.2.0:
  version "4.2.0"

archiver-utils@^2.1.0:
  version "2.1.0"
  dependencies:
    glob "^7.1.4"
    graceful-fs "^4.2.0"
    lazystream "^1.0.0"
    lodash.defaults "^4.2.0"
    lodash.difference "^4.5.0"
    lodash.flatten "^4.4.0"
    lodash.isplainobject "^4.0.6"
    lodash.union "^4.6.0"
    normalize-path "^3.0.0"
    readable-stream "^2.0.0"

archiver-utils@^3.0.4:
  version "3.0.4"
  dependencies:
    glob "^7.2.3"
    graceful-fs "^4.2.0"
    lazystream "^1.0.0"
    lodash.defaults "^4.2.0"
    lodash.difference "^4.5.0"
    lodash.flatten "^4.4.0"
    lodash.isplainobject "^4.0.6"
    lodash.union "^4.6.0"
    normalize-path "^3.0.0"
    readable-stream "^3.6.0"

archiver@^5.3.1:
  version "5.3.2"
  dependencies:
    archiver-utils "^2.1.0"
    async "^3.2.4"
    buffer-crc32 "^0.2.1"
    readable-stream "^3.6.0"
    readdir-glob "^1.1.2"
    tar-stream "^2.2.0"
    zip-stream "^4.1.0"

ast-kit@^3.0.0-beta.1:
  version "3.0.0-beta.1"
  resolved "https://registry.npmjs.org/ast-kit/-/ast-kit-3.0.0-beta.1.tgz"
  integrity sha512-trmleAnZ2PxN/loHWVhhx1qeOHSRXq4TDsBBxq3GqeJitfk3+jTQ+v/C1km/KYq9M7wKqCewMh+/NAvVH7m+bw==
  dependencies:
    "@babel/parser" "^8.0.0-beta.4"
    estree-walker "^3.0.3"
    pathe "^2.0.3"

astral-regex@^1.0.0:
  version "1.0.0"

async-function@^1.0.0:
  version "1.0.0"

async-generator-function@^1.0.0:
  version "1.0.0"

async@^3.2.3, async@^3.2.4:
  version "3.2.6"

asynckit@^0.4.0:
  version "0.4.0"

balanced-match@^1.0.0:
  version "1.0.2"

base64-js@^1.3.1:
  version "1.5.1"

birpc@^4.0.0:
  version "4.0.0"

bl@^4.0.3:
  version "4.1.0"
  dependencies:
    buffer "^5.5.0"
    inherits "^2.0.4"
    readable-stream "^3.4.0"

brace-expansion@^1.1.7:
  version "1.1.12"
  dependencies:
    balanced-match "^1.0.0"
    concat-map "0.0.1"

brace-expansion@^2.0.1:
  version "2.0.2"
  dependencies:
    balanced-match "^1.0.0"

braces@^3.0.3:
  version "3.0.3"
  dependencies:
    fill-range "^7.1.1"

buffer-crc32@^0.2.1, buffer-crc32@^0.2.13:
  version "0.2.13"

buffer@^5.5.0:
  version "5.7.1"
  dependencies:
    base64-js "^1.3.1"
    ieee754 "^1.1.13"

cac@^7.0.0:
  version "7.0.0"
  resolved "https://registry.npmjs.org/cac/-/cac-7.0.0.tgz"
  integrity sha512-tixWYgm5ZoOD+3g6UTea91eow5z6AAHaho3g0V9CNSNb45gM8SmflpAc+GRd1InC4AqN/07Unrgp56Y94N9hJQ==

call-bind-apply-helpers@^1.0.1, call-bind-apply-helpers@^1.0.2:
  version "1.0.2"
  dependencies:
    es-errors "^1.3.0"
    function-bind "^1.1.2"

caxa@^3.0.1:
  version "3.0.1"
  dependencies:
    archiver "^5.3.1"
    commander "^9.4.1"
    crypto-random-string "^5.0.0"
    dedent "^0.7.0"
    execa "^6.1.0"
    fs-extra "^10.1.0"
    globby "^13.1.2"

chalk@3.0.0:
  version "3.0.0"
  dependencies:
    ansi-styles "^4.1.0"
    supports-color "^7.1.0"

cli-cursor@^5.0.0:
  version "5.0.0"
  dependencies:
    restore-cursor "^5.0.0"

cli-table3@~0.6.5:
  version "0.6.5"
  dependencies:
    string-width "^4.2.0"
  optionalDependencies:
    "@colors/colors" "1.5.0"

cli-truncate@^4.0.0:
  version "4.0.0"
  dependencies:
    slice-ansi "^5.0.0"
    string-width "^7.0.0"

color-convert@^1.9.0:
  version "1.9.3"
  dependencies:
    color-name "1.1.3"

color-convert@^2.0.1:
  version "2.0.1"
  dependencies:
    color-name "~1.1.4"

color-convert@^3.0.1:
  version "3.1.2"
  dependencies:
    color-name "^2.0.0"

color-name@^2.0.0:
  version "2.0.2"

color-name@~1.1.4:
  version "1.1.4"

color-name@1.1.3:
  version "1.1.3"

color-string@^2.0.0:
  version "2.1.2"
  dependencies:
    color-name "^2.0.0"

color@^5.0.2:
  version "5.0.2"
  dependencies:
    color-convert "^3.0.1"
    color-string "^2.0.0"

colorette@^2.0.20:
  version "2.0.20"

combined-stream@^1.0.8:
  version "1.0.8"
  dependencies:
    delayed-stream "~1.0.0"

commander@^9.4.1:
  version "9.5.0"

compress-commons@^4.1.2:
  version "4.1.2"
  dependencies:
    buffer-crc32 "^0.2.13"
    crc32-stream "^4.0.2"
    normalize-path "^3.0.0"
    readable-stream "^3.6.0"

concat-map@0.0.1:
  version "0.0.1"

core-util-is@~1.0.0:
  version "1.0.3"

crc-32@^1.2.0:
  version "1.2.2"

crc32-stream@^4.0.2:
  version "4.0.3"
  dependencies:
    crc-32 "^1.2.0"
    readable-stream "^3.4.0"

cross-spawn@^7.0.3, cross-spawn@^7.0.6:
  version "7.0.6"
  dependencies:
    path-key "^3.1.0"
    shebang-command "^2.0.0"
    which "^2.0.1"

crypto-random-string@^5.0.0:
  version "5.0.0"
  dependencies:
    type-fest "^2.12.2"

csv-stringify@~6.6.0:
  version "6.6.0"

cwise-compiler@^1.0.0:
  version "1.1.3"
  dependencies:
    uniq "^1.0.0"

data-uri-to-buffer@^4.0.0:
  version "4.0.1"

dedent@^0.7.0:
  version "0.7.0"

defu@^6.1.7:
  version "6.1.7"
  resolved "https://registry.npmjs.org/defu/-/defu-6.1.7.tgz"
  integrity sha512-7z22QmUWiQ/2d0KkdYmANbRUVABpZ9SNYyH5vx6PZ+nE5bcC0l7uFvEfHlyld/HcGBFTL536ClDt3DEcSlEJAQ==

delayed-stream@~1.0.0:
  version "1.0.0"

detect-libc@^2.1.2:
  version "2.1.2"

dir-glob@^3.0.1:
  version "3.0.1"
  dependencies:
    path-type "^4.0.0"

draco3dgltf@~1.5.7, draco3dgltf@1.5.7:
  version "1.5.7"

dts-resolver@^2.1.3:
  version "2.1.3"

dunder-proto@^1.0.1:
  version "1.0.1"
  dependencies:
    call-bind-apply-helpers "^1.0.1"
    es-errors "^1.3.0"
    gopd "^1.2.0"

eastasianwidth@^0.2.0:
  version "0.2.0"

emoji-regex@^10.3.0:
  version "10.6.0"

emoji-regex@^7.0.1:
  version "7.0.3"

emoji-regex@^8.0.0:
  version "8.0.0"

emoji-regex@^9.2.2:
  version "9.2.2"

empathic@^2.0.0:
  version "2.0.0"

enabled@2.0.x:
  version "2.0.0"

end-of-stream@^1.4.1:
  version "1.4.5"
  dependencies:
    once "^1.4.0"

environment@^1.0.0:
  version "1.1.0"

es-define-property@^1.0.1:
  version "1.0.1"

es-errors@^1.3.0:
  version "1.3.0"

es-object-atoms@^1.0.0, es-object-atoms@^1.1.1:
  version "1.1.1"
  dependencies:
    es-errors "^1.3.0"

es-set-tostringtag@^2.1.0:
  version "2.1.0"
  dependencies:
    es-errors "^1.3.0"
    get-intrinsic "^1.2.6"
    has-tostringtag "^1.0.2"
    hasown "^2.0.2"

estree-walker@^3.0.3:
  version "3.0.3"
  resolved "https://registry.npmjs.org/estree-walker/-/estree-walker-3.0.3.tgz"
  integrity sha512-7RUKfXgSMMkzt6ZuXmqapOurLGPPfgj6l9uRZ7lRGolvk0y2yocc35LdcxKC5PQZdn2DMqioAQ2NoWcrTKmm6g==
  dependencies:
    "@types/estree" "^1.0.0"

eventemitter3@^5.0.1:
  version "5.0.1"

execa@^6.1.0:
  version "6.1.0"
  dependencies:
    cross-spawn "^7.0.3"
    get-stream "^6.0.1"
    human-signals "^3.0.1"
    is-stream "^3.0.0"
    merge-stream "^2.0.0"
    npm-run-path "^5.1.0"
    onetime "^6.0.0"
    signal-exit "^3.0.7"
    strip-final-newline "^3.0.0"

fast-deep-equal@^3.1.1:
  version "3.1.3"

fast-glob@^3.3.0:
  version "3.3.3"
  dependencies:
    "@nodelib/fs.stat" "^2.0.2"
    "@nodelib/fs.walk" "^1.2.3"
    glob-parent "^5.1.2"
    merge2 "^1.3.0"
    micromatch "^4.0.8"

fast-json-stable-stringify@^2.0.0:
  version "2.1.0"

fastq@^1.6.0:
  version "1.19.1"
  dependencies:
    reusify "^1.0.4"

fdir@^6.5.0:
  version "6.5.0"

fecha@^4.2.0:
  version "4.2.3"

fetch-blob@^3.1.2, fetch-blob@^3.1.4:
  version "3.2.0"
  dependencies:
    node-domexception "^1.0.0"
    web-streams-polyfill "^3.0.3"

fill-range@^7.1.1:
  version "7.1.1"
  dependencies:
    to-regex-range "^5.0.1"

fn.name@1.x.x:
  version "1.1.0"

foreground-child@^3.1.0:
  version "3.3.1"
  dependencies:
    cross-spawn "^7.0.6"
    signal-exit "^4.0.1"

form-data@^4.0.4:
  version "4.0.4"
  dependencies:
    asynckit "^0.4.0"
    combined-stream "^1.0.8"
    es-set-tostringtag "^2.1.0"
    hasown "^2.0.2"
    mime-types "^2.1.12"

formdata-polyfill@^4.0.10:
  version "4.0.10"
  dependencies:
    fetch-blob "^3.1.2"

fs-constants@^1.0.0:
  version "1.0.0"

fs-extra@^10.1.0:
  version "10.1.0"
  dependencies:
    graceful-fs "^4.2.0"
    jsonfile "^6.0.1"
    universalify "^2.0.0"

fs.realpath@^1.0.0:
  version "1.0.0"

function-bind@^1.1.2:
  version "1.1.2"

generator-function@^2.0.0:
  version "2.0.1"

get-east-asian-width@^1.0.0, get-east-asian-width@^1.3.1:
  version "1.4.0"

get-intrinsic@^1.2.6:
  version "1.3.1"
  dependencies:
    async-function "^1.0.0"
    async-generator-function "^1.0.0"
    call-bind-apply-helpers "^1.0.2"
    es-define-property "^1.0.1"
    es-errors "^1.3.0"
    es-object-atoms "^1.1.1"
    function-bind "^1.1.2"
    generator-function "^2.0.0"
    get-proto "^1.0.1"
    gopd "^1.2.0"
    has-symbols "^1.1.0"
    hasown "^2.0.2"
    math-intrinsics "^1.1.0"

get-proto@^1.0.1:
  version "1.0.1"
  dependencies:
    dunder-proto "^1.0.1"
    es-object-atoms "^1.0.0"

get-stream@^6.0.1:
  version "6.0.1"

get-tsconfig@^4.13.7:
  version "4.14.0"
  resolved "https://registry.npmjs.org/get-tsconfig/-/get-tsconfig-4.14.0.tgz"
  integrity sha512-yTb+8DXzDREzgvYmh6s9vHsSVCHeC0G3PI5bEXNBHtmshPnO+S5O7qgLEOn0I5QvMy6kpZN8K1NKGyilLb93wA==
  dependencies:
    resolve-pkg-maps "^1.0.0"

gl-matrix@^3.4.4:
  version "3.4.4"
  resolved "https://registry.npmjs.org/gl-matrix/-/gl-matrix-3.4.4.tgz"
  integrity sha512-latSnyDNt/8zYUB6VIJ6PCh2jBjJX6gnDsoCZ7LyW7GkqrD51EWwa9qCoGixj8YqBtETQK/xY7OmpTF8xz1DdQ==

glob-parent@^5.1.2:
  version "5.1.2"
  dependencies:
    is-glob "^4.0.1"

glob@^10.3.3:
  version "10.4.5"
  dependencies:
    foreground-child "^3.1.0"
    jackspeak "^3.1.2"
    minimatch "^9.0.4"
    minipass "^7.1.2"
    package-json-from-dist "^1.0.0"
    path-scurry "^1.11.1"

glob@^7.1.4:
  version "7.2.3"
  dependencies:
    fs.realpath "^1.0.0"
    inflight "^1.0.4"
    inherits "2"
    minimatch "^3.1.1"
    once "^1.3.0"
    path-is-absolute "^1.0.0"

glob@^7.2.3:
  version "7.2.3"
  dependencies:
    fs.realpath "^1.0.0"
    inflight "^1.0.4"
    inherits "2"
    minimatch "^3.1.1"
    once "^1.3.0"
    path-is-absolute "^1.0.0"

globby@^13.1.2:
  version "13.2.2"
  dependencies:
    dir-glob "^3.0.1"
    fast-glob "^3.3.0"
    ignore "^5.2.4"
    merge2 "^1.4.1"
    slash "^4.0.0"

gltf-validator@~2.0.0-dev.3.10, gltf-validator@2.0.0-dev.3.10:
  version "2.0.0-dev.3.10"

gopd@^1.2.0:
  version "1.2.0"

graceful-fs@^4.1.6, graceful-fs@^4.2.0:
  version "4.2.11"

has-flag@^4.0.0:
  version "4.0.0"

has-symbols@^1.0.3, has-symbols@^1.1.0:
  version "1.1.0"

has-tostringtag@^1.0.2:
  version "1.0.2"
  dependencies:
    has-symbols "^1.0.3"

hasown@^2.0.2:
  version "2.0.2"
  dependencies:
    function-bind "^1.1.2"

hookable@^6.1.1:
  version "6.1.1"
  resolved "https://registry.npmjs.org/hookable/-/hookable-6.1.1.tgz"
  integrity sha512-U9LYDy1CwhMCnprUfeAZWZGByVbhd54hwepegYTK7Pi5NvqEj63ifz5z+xukznehT7i6NIZRu89Ay1AZmRsLEQ==

human-signals@^3.0.1:
  version "3.0.1"

ieee754@^1.1.13:
  version "1.2.1"

ignore@^5.2.4:
  version "5.3.2"

import-without-cache@^0.3.3:
  version "0.3.3"
  resolved "https://registry.npmjs.org/import-without-cache/-/import-without-cache-0.3.3.tgz"
  integrity sha512-bDxwDdF04gm550DfZHgffvlX+9kUlcz32UD0AeBTmVPFiWkrexF2XVmiuFFbDhiFuP8fQkrkvI2KdSNPYWAXkQ==

inflight@^1.0.4:
  version "1.0.6"
  dependencies:
    once "^1.3.0"
    wrappy "1"

inherits@^2.0.3, inherits@^2.0.4, inherits@~2.0.3, inherits@2:
  version "2.0.4"

iota-array@^1.0.0:
  version "1.0.0"

is-buffer@^1.0.2:
  version "1.1.6"

is-extglob@^2.1.1:
  version "2.1.1"

is-fullwidth-code-point@^2.0.0:
  version "2.0.0"

is-fullwidth-code-point@^3.0.0:
  version "3.0.0"

is-fullwidth-code-point@^4.0.0:
  version "4.0.0"

is-fullwidth-code-point@^5.0.0:
  version "5.1.0"
  dependencies:
    get-east-asian-width "^1.3.1"

is-glob@^4.0.1:
  version "4.0.3"
  dependencies:
    is-extglob "^2.1.1"

is-number@^7.0.0:
  version "7.0.0"

is-stream@^2.0.0:
  version "2.0.1"

is-stream@^3.0.0:
  version "3.0.0"

isarray@~1.0.0:
  version "1.0.0"

isexe@^2.0.0:
  version "2.0.0"

jackspeak@^3.1.2:
  version "3.4.3"
  dependencies:
    "@isaacs/cliui" "^8.0.2"
  optionalDependencies:
    "@pkgjs/parseargs" "^0.11.0"

jsesc@^3.0.2:
  version "3.1.0"

json-schema-traverse@^0.4.1:
  version "0.4.1"

jsonfile@^6.0.1:
  version "6.2.0"
  dependencies:
    universalify "^2.0.0"
  optionalDependencies:
    graceful-fs "^4.1.6"

keyframe-resample@^0.1.0, keyframe-resample@~0.1.0:
  version "0.1.0"

kleur@^3.0.3:
  version "3.0.3"

ktx-parse@^1.1.0:
  version "1.1.0"

kuler@^2.0.0:
  version "2.0.0"

language-subtag-registry@^0.3.20:
  version "0.3.23"

language-tags@^1.0.9:
  version "1.0.9"
  dependencies:
    language-subtag-registry "^0.3.20"

lazystream@^1.0.0:
  version "1.0.1"
  dependencies:
    readable-stream "^2.0.5"

listr2@~8.3.3:
  version "8.3.3"
  dependencies:
    cli-truncate "^4.0.0"
    colorette "^2.0.20"
    eventemitter3 "^5.0.1"
    log-update "^6.1.0"
    rfdc "^1.4.1"
    wrap-ansi "^9.0.0"

lodash.defaults@^4.2.0:
  version "4.2.0"

lodash.difference@^4.5.0:
  version "4.5.0"

lodash.flatten@^4.4.0:
  version "4.4.0"

lodash.isplainobject@^4.0.6:
  version "4.0.6"

lodash.union@^4.6.0:
  version "4.6.0"

lodash@^4.17.14, lodash@^4.17.21:
  version "4.17.21"

log-update@^6.1.0:
  version "6.1.0"
  dependencies:
    ansi-escapes "^7.0.0"
    cli-cursor "^5.0.0"
    slice-ansi "^7.1.0"
    strip-ansi "^7.1.0"
    wrap-ansi "^9.0.0"

logform@^2.4.0, logform@^2.7.0:
  version "2.7.0"
  dependencies:
    "@colors/colors" "1.6.0"
    "@types/triple-beam" "^1.3.2"
    fecha "^4.2.0"
    ms "^2.1.1"
    safe-stable-stringify "^2.3.1"
    triple-beam "^1.3.0"

lru-cache@^10.2.0:
  version "10.4.3"

math-intrinsics@^1.1.0:
  version "1.1.0"

merge-stream@^2.0.0:
  version "2.0.0"

merge2@^1.3.0, merge2@^1.4.1:
  version "1.4.1"

meshoptimizer@~1.0.1, meshoptimizer@1.0.1:
  version "1.0.1"

micromatch@^4.0.8, micromatch@~4.0.8:
  version "4.0.8"
  dependencies:
    braces "^3.0.3"
    picomatch "^2.3.1"

mikktspace@~1.1.1, mikktspace@1.1.1:
  version "1.1.1"

mime-db@1.52.0:
  version "1.52.0"

mime-types@^2.1.12:
  version "2.1.35"
  dependencies:
    mime-db "1.52.0"

mimic-fn@^4.0.0:
  version "4.0.0"

mimic-function@^5.0.0:
  version "5.0.1"

minimatch@^3.1.1:
  version "3.1.2"
  dependencies:
    brace-expansion "^1.1.7"

minimatch@^5.1.0:
  version "5.1.6"
  dependencies:
    brace-expansion "^2.0.1"

minimatch@^9.0.4:
  version "9.0.5"
  dependencies:
    brace-expansion "^2.0.1"

"minipass@^5.0.0 || ^6.0.2 || ^7.0.0", minipass@^7.1.2:
  version "7.1.2"

ms@^2.1.1:
  version "2.1.3"

ndarray-lanczos@^0.3.0:
  version "0.3.0"
  dependencies:
    "@types/ndarray" "^1.0.11"
    ndarray "^1.0.19"

ndarray-ops@^1.2.2:
  version "1.2.2"
  dependencies:
    cwise-compiler "^1.0.0"

ndarray-pixels@^5.0.1:
  version "5.0.1"
  dependencies:
    "@types/ndarray" "^1.0.14"
    ndarray "^1.0.19"
    ndarray-ops "^1.2.2"
    sharp "^0.34.0"

ndarray@^1.0.19:
  version "1.0.19"
  dependencies:
    iota-array "^1.0.0"
    is-buffer "^1.0.2"

node-domexception@^1.0.0:
  version "1.0.0"

node-fetch@~3.3.2:
  version "3.3.2"
  dependencies:
    data-uri-to-buffer "^4.0.0"
    fetch-blob "^3.1.4"
    formdata-polyfill "^4.0.10"

normalize-path@^3.0.0:
  version "3.0.0"

npm-run-path@^5.1.0:
  version "5.3.0"
  dependencies:
    path-key "^4.0.0"

obug@^2.1.1:
  version "2.1.1"

once@^1.3.0, once@^1.4.0:
  version "1.4.0"
  dependencies:
    wrappy "1"

one-time@^1.0.0:
  version "1.0.0"
  dependencies:
    fn.name "1.x.x"

onetime@^6.0.0:
  version "6.0.0"
  dependencies:
    mimic-fn "^4.0.0"

onetime@^7.0.0:
  version "7.0.0"
  dependencies:
    mimic-function "^5.0.0"

p-limit@~6.2.0:
  version "6.2.0"
  dependencies:
    yocto-queue "^1.1.1"

package-json-from-dist@^1.0.0:
  version "1.0.1"

path-is-absolute@^1.0.0:
  version "1.0.1"

path-key@^3.1.0:
  version "3.1.1"

path-key@^4.0.0:
  version "4.0.0"

path-scurry@^1.11.1:
  version "1.11.1"
  dependencies:
    lru-cache "^10.2.0"
    minipass "^5.0.0 || ^6.0.2 || ^7.0.0"

path-type@^4.0.0:
  version "4.0.0"

pathe@^2.0.3:
  version "2.0.3"

picomatch@^2.3.1:
  version "2.3.1"

"picomatch@^3 || ^4", picomatch@^4.0.4:
  version "4.0.4"
  resolved "https://registry.npmjs.org/picomatch/-/picomatch-4.0.4.tgz"
  integrity sha512-QP88BAKvMam/3NxH6vj2o21R6MjxZUAd6nlwAS/pnGvN9IVLocLHxGYIzFhg6fUQ+5th6P4dv4eW9jX3DSIj7A==

process-nextick-args@~2.0.0:
  version "2.0.1"

prompts@^2.4.2:
  version "2.4.2"
  dependencies:
    kleur "^3.0.3"
    sisteransi "^1.0.5"

property-graph@^4.0.0:
  version "4.0.0"

punycode@^2.1.0:
  version "2.3.1"

quansync@^1.0.0:
  version "1.0.0"

queue-microtask@^1.2.2:
  version "1.2.3"

readable-stream@^2.0.0:
  version "2.3.8"
  dependencies:
    core-util-is "~1.0.0"
    inherits "~2.0.3"
    isarray "~1.0.0"
    process-nextick-args "~2.0.0"
    safe-buffer "~5.1.1"
    string_decoder "~1.1.1"
    util-deprecate "~1.0.1"

readable-stream@^2.0.5:
  version "2.3.8"
  dependencies:
    core-util-is "~1.0.0"
    inherits "~2.0.3"
    isarray "~1.0.0"
    process-nextick-args "~2.0.0"
    safe-buffer "~5.1.1"
    string_decoder "~1.1.1"
    util-deprecate "~1.0.1"

readable-stream@^3.1.1, readable-stream@^3.4.0, readable-stream@^3.6.0, readable-stream@^3.6.2:
  version "3.6.2"
  dependencies:
    inherits "^2.0.3"
    string_decoder "^1.1.1"
    util-deprecate "^1.0.1"

readdir-glob@^1.1.2:
  version "1.1.3"
  dependencies:
    minimatch "^5.1.0"

resolve-pkg-maps@^1.0.0:
  version "1.0.0"

restore-cursor@^5.0.0:
  version "5.1.0"
  dependencies:
    onetime "^7.0.0"
    signal-exit "^4.1.0"

reusify@^1.0.4:
  version "1.1.0"

rfdc@^1.4.1:
  version "1.4.1"

rolldown-plugin-dts@^0.23.2:
  version "0.23.2"
  resolved "https://registry.npmjs.org/rolldown-plugin-dts/-/rolldown-plugin-dts-0.23.2.tgz"
  integrity sha512-PbSqLawLgZBGcOGT3yqWBGn4cX+wh2nt5FuBGdcMHyOhoukmjbhYAl8NT9sE4U38Cm9tqLOIQeOrvzeayM0DLQ==
  dependencies:
    "@babel/generator" "8.0.0-rc.3"
    "@babel/helper-validator-identifier" "8.0.0-rc.3"
    "@babel/parser" "8.0.0-rc.3"
    "@babel/types" "8.0.0-rc.3"
    ast-kit "^3.0.0-beta.1"
    birpc "^4.0.0"
    dts-resolver "^2.1.3"
    get-tsconfig "^4.13.7"
    obug "^2.1.1"
    picomatch "^4.0.4"

rolldown@^1.0.0-rc.12, rolldown@1.0.0-rc.17:
  version "1.0.0-rc.17"
  resolved "https://registry.npmjs.org/rolldown/-/rolldown-1.0.0-rc.17.tgz"
  integrity sha512-ZrT53oAKrtA4+YtBWPQbtPOxIbVDbxT0orcYERKd63VJTF13zPcgXTvD4843L8pcsI7M6MErt8QtON6lrB9tyA==
  dependencies:
    "@oxc-project/types" "=0.127.0"
    "@rolldown/pluginutils" "1.0.0-rc.17"
  optionalDependencies:
    "@rolldown/binding-android-arm64" "1.0.0-rc.17"
    "@rolldown/binding-darwin-arm64" "1.0.0-rc.17"
    "@rolldown/binding-darwin-x64" "1.0.0-rc.17"
    "@rolldown/binding-freebsd-x64" "1.0.0-rc.17"
    "@rolldown/binding-linux-arm-gnueabihf" "1.0.0-rc.17"
    "@rolldown/binding-linux-arm64-gnu" "1.0.0-rc.17"
    "@rolldown/binding-linux-arm64-musl" "1.0.0-rc.17"
    "@rolldown/binding-linux-ppc64-gnu" "1.0.0-rc.17"
    "@rolldown/binding-linux-s390x-gnu" "1.0.0-rc.17"
    "@rolldown/binding-linux-x64-gnu" "1.0.0-rc.17"
    "@rolldown/binding-linux-x64-musl" "1.0.0-rc.17"
    "@rolldown/binding-openharmony-arm64" "1.0.0-rc.17"
    "@rolldown/binding-wasm32-wasi" "1.0.0-rc.17"
    "@rolldown/binding-win32-arm64-msvc" "1.0.0-rc.17"
    "@rolldown/binding-win32-x64-msvc" "1.0.0-rc.17"

run-parallel@^1.1.9:
  version "1.2.0"
  dependencies:
    queue-microtask "^1.2.2"

safe-buffer@~5.1.0, safe-buffer@~5.1.1:
  version "5.1.2"

safe-buffer@~5.2.0:
  version "5.2.1"

safe-stable-stringify@^2.3.1:
  version "2.5.0"

semver@^7.7.3, semver@^7.7.4:
  version "7.7.4"
  resolved "https://registry.npmjs.org/semver/-/semver-7.7.4.tgz"
  integrity sha512-vFKC2IEtQnVhpT78h1Yp8wzwrf8CM+MzKMHGJZfBtzhZNycRFnXsHk6E5TxIkkMsgNS7mdX3AGB7x2QM2di4lA==

sharp@^0.34.0, sharp@~0.34.5:
  version "0.34.5"
  dependencies:
    "@img/colour" "^1.0.0"
    detect-libc "^2.1.2"
    semver "^7.7.3"
  optionalDependencies:
    "@img/sharp-darwin-arm64" "0.34.5"
    "@img/sharp-darwin-x64" "0.34.5"
    "@img/sharp-libvips-darwin-arm64" "1.2.4"
    "@img/sharp-libvips-darwin-x64" "1.2.4"
    "@img/sharp-libvips-linux-arm" "1.2.4"
    "@img/sharp-libvips-linux-arm64" "1.2.4"
    "@img/sharp-libvips-linux-ppc64" "1.2.4"
    "@img/sharp-libvips-linux-riscv64" "1.2.4"
    "@img/sharp-libvips-linux-s390x" "1.2.4"
    "@img/sharp-libvips-linux-x64" "1.2.4"
    "@img/sharp-libvips-linuxmusl-arm64" "1.2.4"
    "@img/sharp-libvips-linuxmusl-x64" "1.2.4"
    "@img/sharp-linux-arm" "0.34.5"
    "@img/sharp-linux-arm64" "0.34.5"
    "@img/sharp-linux-ppc64" "0.34.5"
    "@img/sharp-linux-riscv64" "0.34.5"
    "@img/sharp-linux-s390x" "0.34.5"
    "@img/sharp-linux-x64" "0.34.5"
    "@img/sharp-linuxmusl-arm64" "0.34.5"
    "@img/sharp-linuxmusl-x64" "0.34.5"
    "@img/sharp-wasm32" "0.34.5"
    "@img/sharp-win32-arm64" "0.34.5"
    "@img/sharp-win32-ia32" "0.34.5"
    "@img/sharp-win32-x64" "0.34.5"

shebang-command@^2.0.0:
  version "2.0.0"
  dependencies:
    shebang-regex "^3.0.0"

shebang-regex@^3.0.0:
  version "3.0.0"

signal-exit@^3.0.7:
  version "3.0.7"

signal-exit@^4.0.1:
  version "4.1.0"

signal-exit@^4.1.0:
  version "4.1.0"

sisteransi@^1.0.5:
  version "1.0.5"

slash@^4.0.0:
  version "4.0.0"

slice-ansi@^2.1.0:
  version "2.1.0"
  dependencies:
    ansi-styles "^3.2.0"
    astral-regex "^1.0.0"
    is-fullwidth-code-point "^2.0.0"

slice-ansi@^5.0.0:
  version "5.0.0"
  dependencies:
    ansi-styles "^6.0.0"
    is-fullwidth-code-point "^4.0.0"

slice-ansi@^7.1.0:
  version "7.1.2"
  dependencies:
    ansi-styles "^6.2.1"
    is-fullwidth-code-point "^5.0.0"

stack-trace@0.0.x:
  version "0.0.10"

string_decoder@^1.1.1:
  version "1.3.0"
  dependencies:
    safe-buffer "~5.2.0"

string_decoder@~1.1.1:
  version "1.1.1"
  dependencies:
    safe-buffer "~5.1.0"

"string-width-cjs@npm:string-width@^4.2.0":
  version "4.2.3"
  dependencies:
    emoji-regex "^8.0.0"
    is-fullwidth-code-point "^3.0.0"
    strip-ansi "^6.0.1"

string-width@^3.0.0:
  version "3.1.0"
  dependencies:
    emoji-regex "^7.0.1"
    is-fullwidth-code-point "^2.0.0"
    strip-ansi "^5.1.0"

string-width@^4.1.0, string-width@^4.2.0:
  version "4.2.3"
  dependencies:
    emoji-regex "^8.0.0"
    is-fullwidth-code-point "^3.0.0"
    strip-ansi "^6.0.1"

string-width@^5.0.1, string-width@^5.1.2:
  version "5.1.2"
  dependencies:
    eastasianwidth "^0.2.0"
    emoji-regex "^9.2.2"
    strip-ansi "^7.0.1"

string-width@^7.0.0:
  version "7.2.0"
  dependencies:
    emoji-regex "^10.3.0"
    get-east-asian-width "^1.0.0"
    strip-ansi "^7.1.0"

"strip-ansi-cjs@npm:strip-ansi@^6.0.1":
  version "6.0.1"
  dependencies:
    ansi-regex "^5.0.1"

strip-ansi@^5.1.0:
  version "5.2.0"
  dependencies:
    ansi-regex "^4.1.0"

strip-ansi@^6.0.0, strip-ansi@^6.0.1:
  version "6.0.1"
  dependencies:
    ansi-regex "^5.0.1"

strip-ansi@^7.0.1:
  version "7.1.2"
  dependencies:
    ansi-regex "^6.0.1"

strip-ansi@^7.1.0:
  version "7.1.2"
  dependencies:
    ansi-regex "^6.0.1"

strip-final-newline@^3.0.0:
  version "3.0.0"

supports-color@^7.1.0:
  version "7.2.0"
  dependencies:
    has-flag "^4.0.0"

table@5.4.6:
  version "5.4.6"
  dependencies:
    ajv "^6.10.2"
    lodash "^4.17.14"
    slice-ansi "^2.1.0"
    string-width "^3.0.0"

tar-stream@^2.2.0:
  version "2.2.0"
  dependencies:
    bl "^4.0.3"
    end-of-stream "^1.4.1"
    fs-constants "^1.0.0"
    inherits "^2.0.3"
    readable-stream "^3.1.1"

text-hex@1.0.x:
  version "1.0.0"

tinyexec@^1.1.1:
  version "1.1.2"
  resolved "https://registry.npmjs.org/tinyexec/-/tinyexec-1.1.2.tgz"
  integrity sha512-dAqSqE/RabpBKI8+h26GfLq6Vb3JVXs30XYQjdMjaj/c2tS8IYYMbIzP599KtRj7c57/wYApb3QjgRgXmrCukA==

tinyglobby@^0.2.16:
  version "0.2.16"
  resolved "https://registry.npmjs.org/tinyglobby/-/tinyglobby-0.2.16.tgz"
  integrity sha512-pn99VhoACYR8nFHhxqix+uvsbXineAasWm5ojXoN8xEwK5Kd3/TrhNn1wByuD52UxWRLy8pu+kRMniEi6Eq9Zg==
  dependencies:
    fdir "^6.5.0"
    picomatch "^4.0.4"

tmp@~0.2.5:
  version "0.2.5"

to-regex-range@^5.0.1:
  version "5.0.1"
  dependencies:
    is-number "^7.0.0"

tree-kill@^1.2.2:
  version "1.2.2"

triple-beam@^1.3.0:
  version "1.4.1"

tsdown@^0.21.10:
  version "0.21.10"
  resolved "https://registry.npmjs.org/tsdown/-/tsdown-0.21.10.tgz"
  integrity sha512-3wk73yBhZe/wX7REqSdivNQ84TDs1mJ+IlnzrrEREP70xlJ/AEIzqaI04l/TzMKVIdkTdC3CPaADn2Lk/0SkdA==
  dependencies:
    ansis "^4.2.0"
    cac "^7.0.0"
    defu "^6.1.7"
    empathic "^2.0.0"
    hookable "^6.1.1"
    import-without-cache "^0.3.3"
    obug "^2.1.1"
    picomatch "^4.0.4"
    rolldown "1.0.0-rc.17"
    rolldown-plugin-dts "^0.23.2"
    semver "^7.7.4"
    tinyexec "^1.1.1"
    tinyglobby "^0.2.16"
    tree-kill "^1.2.2"
    unconfig-core "^7.5.0"
    unrun "^0.2.37"

tslib@^2.4.0:
  version "2.8.1"

type-fest@^2.12.2:
  version "2.19.0"

"typescript@^5.0.0 || ^6.0.0", typescript@5.9.3:
  version "5.9.3"

unconfig-core@^7.5.0:
  version "7.5.0"
  resolved "https://registry.npmjs.org/unconfig-core/-/unconfig-core-7.5.0.tgz"
  integrity sha512-Su3FauozOGP44ZmKdHy2oE6LPjk51M/TRRjHv2HNCWiDvfvCoxC2lno6jevMA91MYAdCdwP05QnWdWpSbncX/w==
  dependencies:
    "@quansync/fs" "^1.0.0"
    quansync "^1.0.0"

undici-types@~7.14.0:
  version "7.14.0"

uniq@^1.0.0:
  version "1.0.1"

universalify@^2.0.0:
  version "2.0.1"

unrun@^0.2.37:
  version "0.2.37"
  resolved "https://registry.npmjs.org/unrun/-/unrun-0.2.37.tgz"
  integrity sha512-AA7vDuYsgeSYVzJMm16UKA+aXFKhy7nFqW9z5l7q44K4ppFWZAMqYS58ePRZbugMLPH0fwwMzD5A8nP0avxwZQ==
  dependencies:
    rolldown "1.0.0-rc.17"

uri-js@^4.2.2:
  version "4.4.1"
  dependencies:
    punycode "^2.1.0"

util-deprecate@^1.0.1, util-deprecate@~1.0.1:
  version "1.0.2"

watlas@^1.0.1:
  version "1.0.1"

web-streams-polyfill@^3.0.3:
  version "3.3.3"

which@^2.0.1:
  version "2.0.2"
  dependencies:
    isexe "^2.0.0"

winston-transport@^4.5.0:
  version "4.9.0"
  dependencies:
    logform "^2.7.0"
    readable-stream "^3.6.2"
    triple-beam "^1.3.0"

winston@3.10.0:
  version "3.10.0"
  dependencies:
    "@colors/colors" "1.5.0"
    "@dabh/diagnostics" "^2.0.2"
    async "^3.2.3"
    is-stream "^2.0.0"
    logform "^2.4.0"
    one-time "^1.0.0"
    readable-stream "^3.4.0"
    safe-stable-stringify "^2.3.1"
    stack-trace "0.0.x"
    triple-beam "^1.3.0"
    winston-transport "^4.5.0"

"wrap-ansi-cjs@npm:wrap-ansi@^7.0.0":
  version "7.0.0"
  dependencies:
    ansi-styles "^4.0.0"
    string-width "^4.1.0"
    strip-ansi "^6.0.0"

wrap-ansi@^8.1.0:
  version "8.1.0"
  dependencies:
    ansi-styles "^6.1.0"
    string-width "^5.0.1"
    strip-ansi "^7.0.1"

wrap-ansi@^9.0.0:
  version "9.0.2"
  dependencies:
    ansi-styles "^6.2.1"
    string-width "^7.0.0"
    strip-ansi "^7.1.0"

wrappy@1:
  version "1.0.2"

yocto-queue@^1.1.1:
  version "1.2.1"

zip-stream@^4.1.0:
  version "4.1.1"
  dependencies:
    archiver-utils "^3.0.4"
    compress-commons "^4.1.2"
    readable-stream "^3.6.0"
